
Microsoft Visual Studio Solution File, Format Version 12.00
# Visual Studio Version 17
VisualStudioVersion = 17.8.34309.116
MinimumVisualStudioVersion = 10.0.40219.1
Project("{FAE04EC0-301F-11D3-BF4B-00C04F79EFBC}") = "BlazorTinyBlog", "BlazorTinyBlog\BlazorTinyBlog\BlazorTinyBlog.csproj", "{62E0E02F-6280-4309-AD11-D075F65BED7B}"
EndProject
Project("{FAE04EC0-301F-11D3-BF4B-00C04F79EFBC}") = "BlazorTinyBlog.Client", "BlazorTinyBlog\BlazorTinyBlog.Client\BlazorTinyBlog.Client.csproj", "{C8657D9A-7C5A-45B4-A4BF-C0E604823D6B}"
EndProject
Global
	GlobalSection(SolutionConfigurationPlatforms) = preSolution
		Debug|Any CPU = Debug|Any CPU
		Release|Any CPU = Release|Any CPU
	EndGlobalSection
	GlobalSection(ProjectConfigurationPlatforms) = postSolution
		{62E0E02F-6280-4309-AD11-D075F65BED7B}.Debug|Any CPU.ActiveCfg = Debug|Any CPU
		{62E0E02F-6280-4309-AD11-D075F65BED7B}.Debug|Any CPU.Build.0 = Debug|Any CPU
		{62E0E02F-6280-4309-AD11-D075F65BED7B}.Release|Any CPU.ActiveCfg = Release|Any CPU
		{62E0E02F-6280-4309-AD11-D075F65BED7B}.Release|Any CPU.Build.0 = Release|Any CPU
		{C8657D9A-7C5A-45B4-A4BF-C0E604823D6B}.Debug|Any CPU.ActiveCfg = Debug|Any CPU
		{C8657D9A-7C5A-45B4-A4BF-C0E604823D6B}.Debug|Any CPU.Build.0 = Debug|Any CPU
		{C8657D9A-7C5A-45B4-A4BF-C0E604823D6B}.Release|Any CPU.ActiveCfg = Release|Any CPU
		{C8657D9A-7C5A-45B4-A4BF-C0E604823D6B}.Release|Any CPU.Build.0 = Release|Any CPU
	EndGlobalSection
	GlobalSection(SolutionProperties) = preSolution
		HideSolutionNode = FALSE
	EndGlobalSection
	GlobalSection(ExtensibilityGlobals) = postSolution
		SolutionGuid = {2310886A-1154-4386-8774-3E33799FA52F}
	EndGlobalSection
EndGlobal
